
Microsoft Visual Studio Solution File, Format Version 12.00
# Visual Studio Version 17
VisualStudioVersion = 17.3.32901.215
MinimumVisualStudioVersion = 10.0.40219.1
Project("{9A19103F-16F7-4668-BE54-9A1E7A4F7556}") = "QuakeMapDBEditor", "QuakeMapDBEditor\QuakeMapDBEditor.csproj", "{814CB231-C9B2-4BC4-87C5-B591DDDCAACF}"
EndProject
Project("{54435603-DBB4-11D2-8724-00A0C9A8B90C}") = "QuakeMapDBEditor.Setup", "QuakeMapDBEditor.Setup\QuakeMapDBEditor.Setup.vdproj", "{C3066568-7D4E-4B5A-90E0-0DE9704C2E29}"
EndProject
Global
	GlobalSection(SolutionConfigurationPlatforms) = preSolution
		Debug|Any CPU = Debug|Any CPU
		Release|Any CPU = Release|Any CPU
	EndGlobalSection
	GlobalSection(ProjectConfigurationPlatforms) = postSolution
		{814CB231-C9B2-4BC4-87C5-B591DDDCAACF}.Debug|Any CPU.ActiveCfg = Debug|Any CPU
		{814CB231-C9B2-4BC4-87C5-B591DDDCAACF}.Debug|Any CPU.Build.0 = Debug|Any CPU
		{814CB231-C9B2-4BC4-87C5-B591DDDCAACF}.Release|Any CPU.ActiveCfg = Release|Any CPU
		{814CB231-C9B2-4BC4-87C5-B591DDDCAACF}.Release|Any CPU.Build.0 = Release|Any CPU
		{C3066568-7D4E-4B5A-90E0-0DE9704C2E29}.Debug|Any CPU.ActiveCfg = Debug
		{C3066568-7D4E-4B5A-90E0-0DE9704C2E29}.Release|Any CPU.ActiveCfg = Release
	EndGlobalSection
	GlobalSection(SolutionProperties) = preSolution
		HideSolutionNode = FALSE
	EndGlobalSection
	GlobalSection(ExtensibilityGlobals) = postSolution
		SolutionGuid = {4C97A4AF-49B8-48A9-976B-A2EC63AF1AF2}
	EndGlobalSection
EndGlobal
